
Microsoft Visual Studio Solution File, Format Version 12.00
Project("{FAE04EC0-301F-11D3-BF4B-00C04F79EFBC}") = "JsonBackend", "JsonBackend\JsonBackend.csproj", "{DB2B9B91-E2B9-4D59-8A32-6A78B472E412}"
EndProject
Global
	GlobalSection(SolutionConfigurationPlatforms) = preSolution
		Debug|Any CPU = Debug|Any CPU
		Release|Any CPU = Release|Any CPU
	EndGlobalSection
	GlobalSection(ProjectConfigurationPlatforms) = postSolution
		{DB2B9B91-E2B9-4D59-8A32-6A78B472E412}.Debug|Any CPU.ActiveCfg = Debug|Any CPU
		{DB2B9B91-E2B9-4D59-8A32-6A78B472E412}.Debug|Any CPU.Build.0 = Debug|Any CPU
		{DB2B9B91-E2B9-4D59-8A32-6A78B472E412}.Release|Any CPU.ActiveCfg = Release|Any CPU
		{DB2B9B91-E2B9-4D59-8A32-6A78B472E412}.Release|Any CPU.Build.0 = Release|Any CPU
	EndGlobalSection
EndGlobal
